// !$*UTF8*$!
{
	archiveVersion = 1;
	classes = {
	};
	objectVersion = 46;
	objects = {

/* Begin PBXBuildFile section */
		FC00C1C6154D2E8A002C05D7 /* AudioStreamer.m in Sources */ = {isa = PBXBuildFile; fileRef = FC00C199154D2E8A002C05D7 /* AudioStreamer.m */; settings = {COMPILER_FLAGS = "-fno-objc-arc"; }; };
		FC00C1C8154D2E8A002C05D7 /* iPhoneStreamingPlayerViewController.m in Sources */ = {isa = PBXBuildFile; fileRef = FC00C19D154D2E8A002C05D7 /* iPhoneStreamingPlayerViewController.m */; settings = {COMPILER_FLAGS = "-fno-objc-arc"; }; };
		FC00C1DE154D3652002C05D7 /* CFNetwork.framework in Frameworks */ = {isa = PBXBuildFile; fileRef = FC00C1DD154D3652002C05D7 /* CFNetwork.framework */; };
		FC00C1E1154D37A5002C05D7 /* StreamerViewController.m in Sources */ = {isa = PBXBuildFile; fileRef = FC00C1E0154D37A5002C05D7 /* StreamerViewController.m */; };
		FC032507154AC3DF00111C68 /* mt-daapd.txt in Resources */ = {isa = PBXBuildFile; fileRef = FC032506154AC3DF00111C68 /* mt-daapd.txt */; };
		FC03250A154AD13400111C68 /* MediaPlayer.framework in Frameworks */ = {isa = PBXBuildFile; fileRef = FC032509154AD13400111C68 /* MediaPlayer.framework */; };
		FC04EB42154AABDC002966F7 /* UIKit.framework in Frameworks */ = {isa = PBXBuildFile; fileRef = FC04EB41154AABDC002966F7 /* UIKit.framework */; };
		FC04EB44154AABDC002966F7 /* Foundation.framework in Frameworks */ = {isa = PBXBuildFile; fileRef = FC04EB43154AABDC002966F7 /* Foundation.framework */; };
		FC04EB46154AABDC002966F7 /* CoreGraphics.framework in Frameworks */ = {isa = PBXBuildFile; fileRef = FC04EB45154AABDC002966F7 /* CoreGraphics.framework */; };
		FC04EB4C154AABDC002966F7 /* InfoPlist.strings in Resources */ = {isa = PBXBuildFile; fileRef = FC04EB4A154AABDC002966F7 /* InfoPlist.strings */; };
		FC04EB4E154AABDC002966F7 /* main.m in Sources */ = {isa = PBXBuildFile; fileRef = FC04EB4D154AABDC002966F7 /* main.m */; };
		FC04EB52154AABDC002966F7 /* AppDelegate.m in Sources */ = {isa = PBXBuildFile; fileRef = FC04EB51154AABDC002966F7 /* AppDelegate.m */; };
		FC04EB55154AABDC002966F7 /* FileBrowserViewController.m in Sources */ = {isa = PBXBuildFile; fileRef = FC04EB54154AABDC002966F7 /* FileBrowserViewController.m */; };
		FC04EB57154AABDC002966F7 /* first.png in Resources */ = {isa = PBXBuildFile; fileRef = FC04EB56154AABDC002966F7 /* first.png */; };
		FC04EB59154AABDC002966F7 /* first@2x.png in Resources */ = {isa = PBXBuildFile; fileRef = FC04EB58154AABDC002966F7 /* first@2x.png */; };
		FC04EB5E154AABDC002966F7 /* second.png in Resources */ = {isa = PBXBuildFile; fileRef = FC04EB5D154AABDC002966F7 /* second.png */; };
		FC04EB60154AABDC002966F7 /* second@2x.png in Resources */ = {isa = PBXBuildFile; fileRef = FC04EB5F154AABDC002966F7 /* second@2x.png */; };
		FC04EB63154AABDC002966F7 /* FileBrowserViewController.xib in Resources */ = {isa = PBXBuildFile; fileRef = FC04EB61154AABDC002966F7 /* FileBrowserViewController.xib */; };
		FC04EB66154AABDD002966F7 /* SettingsViewController.xib in Resources */ = {isa = PBXBuildFile; fileRef = FC04EB64154AABDC002966F7 /* SettingsViewController.xib */; };
		FC04EB6E154AAC0B002966F7 /* Model.xcdatamodeld in Sources */ = {isa = PBXBuildFile; fileRef = FC04EB6C154AAC0B002966F7 /* Model.xcdatamodeld */; };
		FC04EBD9154AB2EA002966F7 /* AFHTTPClient.m in Sources */ = {isa = PBXBuildFile; fileRef = FC04EB76154AB2EA002966F7 /* AFHTTPClient.m */; settings = {COMPILER_FLAGS = "-fno-objc-arc"; }; };
		FC04EBDA154AB2EA002966F7 /* AFHTTPRequestOperation.m in Sources */ = {isa = PBXBuildFile; fileRef = FC04EB78154AB2EA002966F7 /* AFHTTPRequestOperation.m */; settings = {COMPILER_FLAGS = "-fno-objc-arc"; }; };
		FC04EBDB154AB2EA002966F7 /* AFImageCache.m in Sources */ = {isa = PBXBuildFile; fileRef = FC04EB7A154AB2EA002966F7 /* AFImageCache.m */; settings = {COMPILER_FLAGS = "-fno-objc-arc"; }; };
		FC04EBDC154AB2EA002966F7 /* AFImageRequestOperation.m in Sources */ = {isa = PBXBuildFile; fileRef = FC04EB7C154AB2EA002966F7 /* AFImageRequestOperation.m */; settings = {COMPILER_FLAGS = "-fno-objc-arc"; }; };
		FC04EBDD154AB2EA002966F7 /* AFJSONRequestOperation.m in Sources */ = {isa = PBXBuildFile; fileRef = FC04EB7E154AB2EA002966F7 /* AFJSONRequestOperation.m */; settings = {COMPILER_FLAGS = "-fno-objc-arc"; }; };
		FC04EBDE154AB2EA002966F7 /* AFNetworkActivityIndicatorManager.m in Sources */ = {isa = PBXBuildFile; fileRef = FC04EB81154AB2EA002966F7 /* AFNetworkActivityIndicatorManager.m */; settings = {COMPILER_FLAGS = "-fno-objc-arc"; }; };
		FC04EBDF154AB2EA002966F7 /* AFPropertyListRequestOperation.m in Sources */ = {isa = PBXBuildFile; fileRef = FC04EB84154AB2EA002966F7 /* AFPropertyListRequestOperation.m */; settings = {COMPILER_FLAGS = "-fno-objc-arc"; }; };
		FC04EBE0154AB2EA002966F7 /* AFURLConnectionOperation.m in Sources */ = {isa = PBXBuildFile; fileRef = FC04EB86154AB2EA002966F7 /* AFURLConnectionOperation.m */; settings = {COMPILER_FLAGS = "-fno-objc-arc"; }; };
		FC04EBE1154AB2EA002966F7 /* AFXMLRequestOperation.m in Sources */ = {isa = PBXBuildFile; fileRef = FC04EB88154AB2EA002966F7 /* AFXMLRequestOperation.m */; settings = {COMPILER_FLAGS = "-fno-objc-arc"; }; };
		FC04EBE2154AB2EA002966F7 /* UIImageView+AFNetworking.m in Sources */ = {isa = PBXBuildFile; fileRef = FC04EB8A154AB2EA002966F7 /* UIImageView+AFNetworking.m */; settings = {COMPILER_FLAGS = "-fno-objc-arc"; }; };
		FC04EBE3154AB2EA002966F7 /* AFNetworking.podspec in Resources */ = {isa = PBXBuildFile; fileRef = FC04EB8B154AB2EA002966F7 /* AFNetworking.podspec */; };
		FC04EBE4154AB2EA002966F7 /* AFNetworking.xcworkspace in Resources */ = {isa = PBXBuildFile; fileRef = FC04EB8C154AB2EA002966F7 /* AFNetworking.xcworkspace */; };
		FC04EBF4154AB2EA002966F7 /* LICENSE in Resources */ = {isa = PBXBuildFile; fileRef = FC04EBB0154AB2EA002966F7 /* LICENSE */; };
		FC04EC00154AB2EA002966F7 /* README.md in Resources */ = {isa = PBXBuildFile; fileRef = FC04EBD0154AB2EA002966F7 /* README.md */; };
		FC91CFE21553C8E80052075B /* Folder.m in Sources */ = {isa = PBXBuildFile; fileRef = FC91CFE11553C8E80052075B /* Folder.m */; };
		FCBF3D9B154C5EC800C4FC97 /* SettingsViewController.m in Sources */ = {isa = PBXBuildFile; fileRef = FCBF3D9A154C5EC800C4FC97 /* SettingsViewController.m */; };
		FCBF3D9E154C6B5900C4FC97 /* PlayerViewController.m in Sources */ = {isa = PBXBuildFile; fileRef = FCBF3D9D154C6B5900C4FC97 /* PlayerViewController.m */; };
		FCBF3DB2154C700900C4FC97 /* AudioToolbox.framework in Frameworks */ = {isa = PBXBuildFile; fileRef = FCBF3DB1154C700900C4FC97 /* AudioToolbox.framework */; };
		FCBF3DB4154C701A00C4FC97 /* AVFoundation.framework in Frameworks */ = {isa = PBXBuildFile; fileRef = FCBF3DB3154C701A00C4FC97 /* AVFoundation.framework */; };
		FCCD9C54154BD618001CD448 /* libsqlite3.dylib in Frameworks */ = {isa = PBXBuildFile; fileRef = FCCD9C53154BD618001CD448 /* libsqlite3.dylib */; };
		FCCD9C82154BD673001CD448 /* Db.m in Sources */ = {isa = PBXBuildFile; fileRef = FCCD9C81154BD673001CD448 /* Db.m */; };
		FCCD9E38154BDEA3001CD448 /* CoreData.framework in Frameworks */ = {isa = PBXBuildFile; fileRef = FCCD9E37154BDEA2001CD448 /* CoreData.framework */; };
		FCCD9E75154BE9AF001CD448 /* ActiveRecordHelpers.m in Sources */ = {isa = PBXBuildFile; fileRef = FCCD9E65154BE9AF001CD448 /* ActiveRecordHelpers.m */; };
		FCCD9E77154BE9AF001CD448 /* NSFetchedResultsController+ActiveRecord.m in Sources */ = {isa = PBXBuildFile; fileRef = FCCD9E69154BE9AF001CD448 /* NSFetchedResultsController+ActiveRecord.m */; };
		FCCD9E78154BE9AF001CD448 /* NSManagedObject+ActiveRecord.m in Sources */ = {isa = PBXBuildFile; fileRef = FCCD9E6B154BE9AF001CD448 /* NSManagedObject+ActiveRecord.m */; };
		FCCD9E79154BE9AF001CD448 /* NSManagedObjectContext+ActiveRecord.m in Sources */ = {isa = PBXBuildFile; fileRef = FCCD9E6D154BE9AF001CD448 /* NSManagedObjectContext+ActiveRecord.m */; };
		FCCD9E7A154BE9AF001CD448 /* NSManagedObjectModel+ActiveRecord.m in Sources */ = {isa = PBXBuildFile; fileRef = FCCD9E6F154BE9AF001CD448 /* NSManagedObjectModel+ActiveRecord.m */; };
		FCCD9E7B154BE9AF001CD448 /* NSPersistentStore+ActiveRecord.m in Sources */ = {isa = PBXBuildFile; fileRef = FCCD9E71154BE9AF001CD448 /* NSPersistentStore+ActiveRecord.m */; };
		FCCD9E7C154BE9AF001CD448 /* NSPersistentStoreCoordinator+ActiveRecord.m in Sources */ = {isa = PBXBuildFile; fileRef = FCCD9E73154BE9AF001CD448 /* NSPersistentStoreCoordinator+ActiveRecord.m */; };
		FCCD9E80154BEA0F001CD448 /* NSNumberAdditions.m in Sources */ = {isa = PBXBuildFile; fileRef = FCCD9E7F154BEA0F001CD448 /* NSNumberAdditions.m */; };
		FCDE17D215529729000AEBE4 /* KGWindow.m in Sources */ = {isa = PBXBuildFile; fileRef = FCDE17CB15529729000AEBE4 /* KGWindow.m */; };
		FCDE17D315529729000AEBE4 /* NSFileManager+KGiOSHelper.m in Sources */ = {isa = PBXBuildFile; fileRef = FCDE17CD15529729000AEBE4 /* NSFileManager+KGiOSHelper.m */; };
		FCDE17D415529729000AEBE4 /* UIView+Sizes.m in Sources */ = {isa = PBXBuildFile; fileRef = FCDE17CF15529729000AEBE4 /* UIView+Sizes.m */; };
		FCDE17D515529729000AEBE4 /* UIView+Userdata.m in Sources */ = {isa = PBXBuildFile; fileRef = FCDE17D115529729000AEBE4 /* UIView+Userdata.m */; };
		FCE6A62C154E9E5F0027A21A /* Song.m in Sources */ = {isa = PBXBuildFile; fileRef = FCE6A62B154E9E5F0027A21A /* Song.m */; };
		FCFDDDA415513FC400EBD678 /* Playlist.m in Sources */ = {isa = PBXBuildFile; fileRef = FCFDDDA315513FC400EBD678 /* Playlist.m */; };
		FCFDDDAA155140C000EBD678 /* MyPlaylist.m in Sources */ = {isa = PBXBuildFile; fileRef = FCFDDDA9155140C000EBD678 /* MyPlaylist.m */; };
/* End PBXBuildFile section */

/* Begin PBXFileReference section */
		FC00C198154D2E8A002C05D7 /* AudioStreamer.h */ = {isa = PBXFileReference; fileEncoding = 4; lastKnownFileType = sourcecode.c.h; path = AudioStreamer.h; sourceTree = "<group>"; };
		FC00C199154D2E8A002C05D7 /* AudioStreamer.m */ = {isa = PBXFileReference; fileEncoding = 4; lastKnownFileType = sourcecode.c.objc; path = AudioStreamer.m; sourceTree = "<group>"; };
		FC00C19C154D2E8A002C05D7 /* iPhoneStreamingPlayerViewController.h */ = {isa = PBXFileReference; fileEncoding = 4; lastKnownFileType = sourcecode.c.h; path = iPhoneStreamingPlayerViewController.h; sourceTree = "<group>"; };
		FC00C19D154D2E8A002C05D7 /* iPhoneStreamingPlayerViewController.m */ = {isa = PBXFileReference; fileEncoding = 4; lastKnownFileType = sourcecode.c.objc; path = iPhoneStreamingPlayerViewController.m; sourceTree = "<group>"; };
		FC00C1DD154D3652002C05D7 /* CFNetwork.framework */ = {isa = PBXFileReference; lastKnownFileType = wrapper.framework; name = CFNetwork.framework; path = System/Library/Frameworks/CFNetwork.framework; sourceTree = SDKROOT; };
		FC00C1DF154D37A5002C05D7 /* StreamerViewController.h */ = {isa = PBXFileReference; fileEncoding = 4; lastKnownFileType = sourcecode.c.h; path = StreamerViewController.h; sourceTree = "<group>"; };
		FC00C1E0154D37A5002C05D7 /* StreamerViewController.m */ = {isa = PBXFileReference; fileEncoding = 4; lastKnownFileType = sourcecode.c.objc; path = StreamerViewController.m; sourceTree = "<group>"; };
		FC032506154AC3DF00111C68 /* mt-daapd.txt */ = {isa = PBXFileReference; fileEncoding = 4; lastKnownFileType = text; name = "mt-daapd.txt"; path = "../../mt-daapd.txt"; sourceTree = "<group>"; };
		FC032509154AD13400111C68 /* MediaPlayer.framework */ = {isa = PBXFileReference; lastKnownFileType = wrapper.framework; name = MediaPlayer.framework; path = System/Library/Frameworks/MediaPlayer.framework; sourceTree = SDKROOT; };
		FC04EB3D154AABDC002966F7 /* Firefly.app */ = {isa = PBXFileReference; explicitFileType = wrapper.application; includeInIndex = 0; path = Firefly.app; sourceTree = BUILT_PRODUCTS_DIR; };
		FC04EB41154AABDC002966F7 /* UIKit.framework */ = {isa = PBXFileReference; lastKnownFileType = wrapper.framework; name = UIKit.framework; path = System/Library/Frameworks/UIKit.framework; sourceTree = SDKROOT; };
		FC04EB43154AABDC002966F7 /* Foundation.framework */ = {isa = PBXFileReference; lastKnownFileType = wrapper.framework; name = Foundation.framework; path = System/Library/Frameworks/Foundation.framework; sourceTree = SDKROOT; };
		FC04EB45154AABDC002966F7 /* CoreGraphics.framework */ = {isa = PBXFileReference; lastKnownFileType = wrapper.framework; name = CoreGraphics.framework; path = System/Library/Frameworks/CoreGraphics.framework; sourceTree = SDKROOT; };
		FC04EB49154AABDC002966F7 /* Firefly-Info.plist */ = {isa = PBXFileReference; lastKnownFileType = text.plist.xml; path = "Firefly-Info.plist"; sourceTree = "<group>"; };
		FC04EB4B154AABDC002966F7 /* en */ = {isa = PBXFileReference; lastKnownFileType = text.plist.strings; name = en; path = en.lproj/InfoPlist.strings; sourceTree = "<group>"; };
		FC04EB4D154AABDC002966F7 /* main.m */ = {isa = PBXFileReference; lastKnownFileType = sourcecode.c.objc; path = main.m; sourceTree = "<group>"; };
		FC04EB4F154AABDC002966F7 /* Firefly-Prefix.pch */ = {isa = PBXFileReference; lastKnownFileType = sourcecode.c.h; path = "Firefly-Prefix.pch"; sourceTree = "<group>"; };
		FC04EB50154AABDC002966F7 /* AppDelegate.h */ = {isa = PBXFileReference; lastKnownFileType = sourcecode.c.h; path = AppDelegate.h; sourceTree = "<group>"; };
		FC04EB51154AABDC002966F7 /* AppDelegate.m */ = {isa = PBXFileReference; lastKnownFileType = sourcecode.c.objc; path = AppDelegate.m; sourceTree = "<group>"; };
		FC04EB53154AABDC002966F7 /* FileBrowserViewController.h */ = {isa = PBXFileReference; lastKnownFileType = sourcecode.c.h; path = FileBrowserViewController.h; sourceTree = "<group>"; };
		FC04EB54154AABDC002966F7 /* FileBrowserViewController.m */ = {isa = PBXFileReference; lastKnownFileType = sourcecode.c.objc; path = FileBrowserViewController.m; sourceTree = "<group>"; };
		FC04EB56154AABDC002966F7 /* first.png */ = {isa = PBXFileReference; lastKnownFileType = image.png; path = first.png; sourceTree = "<group>"; };
		FC04EB58154AABDC002966F7 /* first@2x.png */ = {isa = PBXFileReference; lastKnownFileType = image.png; path = "first@2x.png"; sourceTree = "<group>"; };
		FC04EB5D154AABDC002966F7 /* second.png */ = {isa = PBXFileReference; lastKnownFileType = image.png; path = second.png; sourceTree = "<group>"; };
		FC04EB5F154AABDC002966F7 /* second@2x.png */ = {isa = PBXFileReference; lastKnownFileType = image.png; path = "second@2x.png"; sourceTree = "<group>"; };
		FC04EB62154AABDC002966F7 /* en */ = {isa = PBXFileReference; lastKnownFileType = file.xib; name = en; path = en.lproj/FileBrowserViewController.xib; sourceTree = "<group>"; };
		FC04EB65154AABDD002966F7 /* en */ = {isa = PBXFileReference; lastKnownFileType = file.xib; name = en; path = en.lproj/SettingsViewController.xib; sourceTree = "<group>"; };
		FC04EB6D154AAC0B002966F7 /* Model.xcdatamodel */ = {isa = PBXFileReference; lastKnownFileType = wrapper.xcdatamodel; path = Model.xcdatamodel; sourceTree = "<group>"; };
		FC04EB75154AB2EA002966F7 /* AFHTTPClient.h */ = {isa = PBXFileReference; fileEncoding = 4; lastKnownFileType = sourcecode.c.h; path = AFHTTPClient.h; sourceTree = "<group>"; };
		FC04EB76154AB2EA002966F7 /* AFHTTPClient.m */ = {isa = PBXFileReference; fileEncoding = 4; lastKnownFileType = sourcecode.c.objc; path = AFHTTPClient.m; sourceTree = "<group>"; };
		FC04EB77154AB2EA002966F7 /* AFHTTPRequestOperation.h */ = {isa = PBXFileReference; fileEncoding = 4; lastKnownFileType = sourcecode.c.h; path = AFHTTPRequestOperation.h; sourceTree = "<group>"; };
		FC04EB78154AB2EA002966F7 /* AFHTTPRequestOperation.m */ = {isa = PBXFileReference; fileEncoding = 4; lastKnownFileType = sourcecode.c.objc; path = AFHTTPRequestOperation.m; sourceTree = "<group>"; };
		FC04EB79154AB2EA002966F7 /* AFImageCache.h */ = {isa = PBXFileReference; fileEncoding = 4; lastKnownFileType = sourcecode.c.h; path = AFImageCache.h; sourceTree = "<group>"; };
		FC04EB7A154AB2EA002966F7 /* AFImageCache.m */ = {isa = PBXFileReference; fileEncoding = 4; lastKnownFileType = sourcecode.c.objc; path = AFImageCache.m; sourceTree = "<group>"; };
		FC04EB7B154AB2EA002966F7 /* AFImageRequestOperation.h */ = {isa = PBXFileReference; fileEncoding = 4; lastKnownFileType = sourcecode.c.h; path = AFImageRequestOperation.h; sourceTree = "<group>"; };
		FC04EB7C154AB2EA002966F7 /* AFImageRequestOperation.m */ = {isa = PBXFileReference; fileEncoding = 4; lastKnownFileType = sourcecode.c.objc; path = AFImageRequestOperation.m; sourceTree = "<group>"; };
		FC04EB7D154AB2EA002966F7 /* AFJSONRequestOperation.h */ = {isa = PBXFileReference; fileEncoding = 4; lastKnownFileType = sourcecode.c.h; path = AFJSONRequestOperation.h; sourceTree = "<group>"; };
		FC04EB7E154AB2EA002966F7 /* AFJSONRequestOperation.m */ = {isa = PBXFileReference; fileEncoding = 4; lastKnownFileType = sourcecode.c.objc; path = AFJSONRequestOperation.m; sourceTree = "<group>"; };
		FC04EB7F154AB2EA002966F7 /* AFJSONUtilities.h */ = {isa = PBXFileReference; fileEncoding = 4; lastKnownFileType = sourcecode.c.h; path = AFJSONUtilities.h; sourceTree = "<group>"; };
		FC04EB80154AB2EA002966F7 /* AFNetworkActivityIndicatorManager.h */ = {isa = PBXFileReference; fileEncoding = 4; lastKnownFileType = sourcecode.c.h; path = AFNetworkActivityIndicatorManager.h; sourceTree = "<group>"; };
		FC04EB81154AB2EA002966F7 /* AFNetworkActivityIndicatorManager.m */ = {isa = PBXFileReference; fileEncoding = 4; lastKnownFileType = sourcecode.c.objc; path = AFNetworkActivityIndicatorManager.m; sourceTree = "<group>"; };
		FC04EB82154AB2EA002966F7 /* AFNetworking.h */ = {isa = PBXFileReference; fileEncoding = 4; lastKnownFileType = sourcecode.c.h; path = AFNetworking.h; sourceTree = "<group>"; };
		FC04EB83154AB2EA002966F7 /* AFPropertyListRequestOperation.h */ = {isa = PBXFileReference; fileEncoding = 4; lastKnownFileType = sourcecode.c.h; path = AFPropertyListRequestOperation.h; sourceTree = "<group>"; };
		FC04EB84154AB2EA002966F7 /* AFPropertyListRequestOperation.m */ = {isa = PBXFileReference; fileEncoding = 4; lastKnownFileType = sourcecode.c.objc; path = AFPropertyListRequestOperation.m; sourceTree = "<group>"; };
		FC04EB85154AB2EA002966F7 /* AFURLConnectionOperation.h */ = {isa = PBXFileReference; fileEncoding = 4; lastKnownFileType = sourcecode.c.h; path = AFURLConnectionOperation.h; sourceTree = "<group>"; };
		FC04EB86154AB2EA002966F7 /* AFURLConnectionOperation.m */ = {isa = PBXFileReference; fileEncoding = 4; lastKnownFileType = sourcecode.c.objc; path = AFURLConnectionOperation.m; sourceTree = "<group>"; };
		FC04EB87154AB2EA002966F7 /* AFXMLRequestOperation.h */ = {isa = PBXFileReference; fileEncoding = 4; lastKnownFileType = sourcecode.c.h; path = AFXMLRequestOperation.h; sourceTree = "<group>"; };
		FC04EB88154AB2EA002966F7 /* AFXMLRequestOperation.m */ = {isa = PBXFileReference; fileEncoding = 4; lastKnownFileType = sourcecode.c.objc; path = AFXMLRequestOperation.m; sourceTree = "<group>"; };
		FC04EB89154AB2EA002966F7 /* UIImageView+AFNetworking.h */ = {isa = PBXFileReference; fileEncoding = 4; lastKnownFileType = sourcecode.c.h; path = "UIImageView+AFNetworking.h"; sourceTree = "<group>"; };
		FC04EB8A154AB2EA002966F7 /* UIImageView+AFNetworking.m */ = {isa = PBXFileReference; fileEncoding = 4; lastKnownFileType = sourcecode.c.objc; path = "UIImageView+AFNetworking.m"; sourceTree = "<group>"; };
		FC04EB8B154AB2EA002966F7 /* AFNetworking.podspec */ = {isa = PBXFileReference; fileEncoding = 4; lastKnownFileType = text; path = AFNetworking.podspec; sourceTree = "<group>"; };
		FC04EB8C154AB2EA002966F7 /* AFNetworking.xcworkspace */ = {isa = PBXFileReference; lastKnownFileType = wrapper.workspace; path = AFNetworking.xcworkspace; sourceTree = "<group>"; };
		FC04EBB0154AB2EA002966F7 /* LICENSE */ = {isa = PBXFileReference; fileEncoding = 4; lastKnownFileType = text; path = LICENSE; sourceTree = "<group>"; };
		FC04EBD0154AB2EA002966F7 /* README.md */ = {isa = PBXFileReference; fileEncoding = 4; lastKnownFileType = text; path = README.md; sourceTree = "<group>"; };
		FC91CFE01553C8E80052075B /* Folder.h */ = {isa = PBXFileReference; fileEncoding = 4; lastKnownFileType = sourcecode.c.h; path = Folder.h; sourceTree = "<group>"; };
		FC91CFE11553C8E80052075B /* Folder.m */ = {isa = PBXFileReference; fileEncoding = 4; lastKnownFileType = sourcecode.c.objc; path = Folder.m; sourceTree = "<group>"; };
		FCBF3D99154C5EC800C4FC97 /* SettingsViewController.h */ = {isa = PBXFileReference; fileEncoding = 4; lastKnownFileType = sourcecode.c.h; path = SettingsViewController.h; sourceTree = "<group>"; };
		FCBF3D9A154C5EC800C4FC97 /* SettingsViewController.m */ = {isa = PBXFileReference; fileEncoding = 4; lastKnownFileType = sourcecode.c.objc; path = SettingsViewController.m; sourceTree = "<group>"; };
		FCBF3D9C154C6B5900C4FC97 /* PlayerViewController.h */ = {isa = PBXFileReference; fileEncoding = 4; lastKnownFileType = sourcecode.c.h; path = PlayerViewController.h; sourceTree = "<group>"; };
		FCBF3D9D154C6B5900C4FC97 /* PlayerViewController.m */ = {isa = PBXFileReference; fileEncoding = 4; lastKnownFileType = sourcecode.c.objc; path = PlayerViewController.m; sourceTree = "<group>"; };
		FCBF3DB1154C700900C4FC97 /* AudioToolbox.framework */ = {isa = PBXFileReference; lastKnownFileType = wrapper.framework; name = AudioToolbox.framework; path = System/Library/Frameworks/AudioToolbox.framework; sourceTree = SDKROOT; };
		FCBF3DB3154C701A00C4FC97 /* AVFoundation.framework */ = {isa = PBXFileReference; lastKnownFileType = wrapper.framework; name = AVFoundation.framework; path = System/Library/Frameworks/AVFoundation.framework; sourceTree = SDKROOT; };
		FCCD9C53154BD618001CD448 /* libsqlite3.dylib */ = {isa = PBXFileReference; lastKnownFileType = "compiled.mach-o.dylib"; name = libsqlite3.dylib; path = usr/lib/libsqlite3.dylib; sourceTree = SDKROOT; };
		FCCD9C80154BD673001CD448 /* Db.h */ = {isa = PBXFileReference; fileEncoding = 4; lastKnownFileType = sourcecode.c.h; path = Db.h; sourceTree = "<group>"; };
		FCCD9C81154BD673001CD448 /* Db.m */ = {isa = PBXFileReference; fileEncoding = 4; lastKnownFileType = sourcecode.c.objc; path = Db.m; sourceTree = "<group>"; };
		FCCD9C83154BD727001CD448 /* Macros.h */ = {isa = PBXFileReference; fileEncoding = 4; lastKnownFileType = sourcecode.c.h; path = Macros.h; sourceTree = "<group>"; };
		FCCD9E37154BDEA2001CD448 /* CoreData.framework */ = {isa = PBXFileReference; lastKnownFileType = wrapper.framework; name = CoreData.framework; path = System/Library/Frameworks/CoreData.framework; sourceTree = SDKROOT; };
		FCCD9E62154BE39F001CD448 /* Defines.h */ = {isa = PBXFileReference; fileEncoding = 4; lastKnownFileType = sourcecode.c.h; path = Defines.h; sourceTree = "<group>"; };
		FCCD9E64154BE9AF001CD448 /* ActiveRecordHelpers.h */ = {isa = PBXFileReference; fileEncoding = 4; lastKnownFileType = sourcecode.c.h; path = ActiveRecordHelpers.h; sourceTree = "<group>"; };
		FCCD9E65154BE9AF001CD448 /* ActiveRecordHelpers.m */ = {isa = PBXFileReference; fileEncoding = 4; lastKnownFileType = sourcecode.c.objc; path = ActiveRecordHelpers.m; sourceTree = "<group>"; };
		FCCD9E66154BE9AF001CD448 /* CoreData+ActiveRecordFetching.h */ = {isa = PBXFileReference; fileEncoding = 4; lastKnownFileType = sourcecode.c.h; path = "CoreData+ActiveRecordFetching.h"; sourceTree = "<group>"; };
		FCCD9E68154BE9AF001CD448 /* NSFetchedResultsController+ActiveRecord.h */ = {isa = PBXFileReference; fileEncoding = 4; lastKnownFileType = sourcecode.c.h; path = "NSFetchedResultsController+ActiveRecord.h"; sourceTree = "<group>"; };
		FCCD9E69154BE9AF001CD448 /* NSFetchedResultsController+ActiveRecord.m */ = {isa = PBXFileReference; fileEncoding = 4; lastKnownFileType = sourcecode.c.objc; path = "NSFetchedResultsController+ActiveRecord.m"; sourceTree = "<group>"; };
		FCCD9E6A154BE9AF001CD448 /* NSManagedObject+ActiveRecord.h */ = {isa = PBXFileReference; fileEncoding = 4; lastKnownFileType = sourcecode.c.h; path = "NSManagedObject+ActiveRecord.h"; sourceTree = "<group>"; };
		FCCD9E6B154BE9AF001CD448 /* NSManagedObject+ActiveRecord.m */ = {isa = PBXFileReference; fileEncoding = 4; lastKnownFileType = sourcecode.c.objc; path = "NSManagedObject+ActiveRecord.m"; sourceTree = "<group>"; };
		FCCD9E6C154BE9AF001CD448 /* NSManagedObjectContext+ActiveRecord.h */ = {isa = PBXFileReference; fileEncoding = 4; lastKnownFileType = sourcecode.c.h; path = "NSManagedObjectContext+ActiveRecord.h"; sourceTree = "<group>"; };
		FCCD9E6D154BE9AF001CD448 /* NSManagedObjectContext+ActiveRecord.m */ = {isa = PBXFileReference; fileEncoding = 4; lastKnownFileType = sourcecode.c.objc; path = "NSManagedObjectContext+ActiveRecord.m"; sourceTree = "<group>"; };
		FCCD9E6E154BE9AF001CD448 /* NSManagedObjectModel+ActiveRecord.h */ = {isa = PBXFileReference; fileEncoding = 4; lastKnownFileType = sourcecode.c.h; path = "NSManagedObjectModel+ActiveRecord.h"; sourceTree = "<group>"; };
		FCCD9E6F154BE9AF001CD448 /* NSManagedObjectModel+ActiveRecord.m */ = {isa = PBXFileReference; fileEncoding = 4; lastKnownFileType = sourcecode.c.objc; path = "NSManagedObjectModel+ActiveRecord.m"; sourceTree = "<group>"; };
		FCCD9E70154BE9AF001CD448 /* NSPersistentStore+ActiveRecord.h */ = {isa = PBXFileReference; fileEncoding = 4; lastKnownFileType = sourcecode.c.h; path = "NSPersistentStore+ActiveRecord.h"; sourceTree = "<group>"; };
		FCCD9E71154BE9AF001CD448 /* NSPersistentStore+ActiveRecord.m */ = {isa = PBXFileReference; fileEncoding = 4; lastKnownFileType = sourcecode.c.objc; path = "NSPersistentStore+ActiveRecord.m"; sourceTree = "<group>"; };
		FCCD9E72154BE9AF001CD448 /* NSPersistentStoreCoordinator+ActiveRecord.h */ = {isa = PBXFileReference; fileEncoding = 4; lastKnownFileType = sourcecode.c.h; path = "NSPersistentStoreCoordinator+ActiveRecord.h"; sourceTree = "<group>"; };
		FCCD9E73154BE9AF001CD448 /* NSPersistentStoreCoordinator+ActiveRecord.m */ = {isa = PBXFileReference; fileEncoding = 4; lastKnownFileType = sourcecode.c.objc; path = "NSPersistentStoreCoordinator+ActiveRecord.m"; sourceTree = "<group>"; };
		FCCD9E7E154BEA0F001CD448 /* NSNumberAdditions.h */ = {isa = PBXFileReference; fileEncoding = 4; lastKnownFileType = sourcecode.c.h; path = NSNumberAdditions.h; sourceTree = "<group>"; };
		FCCD9E7F154BEA0F001CD448 /* NSNumberAdditions.m */ = {isa = PBXFileReference; fileEncoding = 4; lastKnownFileType = sourcecode.c.objc; path = NSNumberAdditions.m; sourceTree = "<group>"; };
		FCDE17C915529729000AEBE4 /* KGDefines.h */ = {isa = PBXFileReference; fileEncoding = 4; lastKnownFileType = sourcecode.c.h; path = KGDefines.h; sourceTree = "<group>"; };
		FCDE17CA15529729000AEBE4 /* KGWindow.h */ = {isa = PBXFileReference; fileEncoding = 4; lastKnownFileType = sourcecode.c.h; path = KGWindow.h; sourceTree = "<group>"; };
		FCDE17CB15529729000AEBE4 /* KGWindow.m */ = {isa = PBXFileReference; fileEncoding = 4; lastKnownFileType = sourcecode.c.objc; path = KGWindow.m; sourceTree = "<group>"; };
		FCDE17CC15529729000AEBE4 /* NSFileManager+KGiOSHelper.h */ = {isa = PBXFileReference; fileEncoding = 4; lastKnownFileType = sourcecode.c.h; path = "NSFileManager+KGiOSHelper.h"; sourceTree = "<group>"; };
		FCDE17CD15529729000AEBE4 /* NSFileManager+KGiOSHelper.m */ = {isa = PBXFileReference; fileEncoding = 4; lastKnownFileType = sourcecode.c.objc; path = "NSFileManager+KGiOSHelper.m"; sourceTree = "<group>"; };
		FCDE17CE15529729000AEBE4 /* UIView+Sizes.h */ = {isa = PBXFileReference; fileEncoding = 4; lastKnownFileType = sourcecode.c.h; path = "UIView+Sizes.h"; sourceTree = "<group>"; };
		FCDE17CF15529729000AEBE4 /* UIView+Sizes.m */ = {isa = PBXFileReference; fileEncoding = 4; lastKnownFileType = sourcecode.c.objc; path = "UIView+Sizes.m"; sourceTree = "<group>"; };
		FCDE17D015529729000AEBE4 /* UIView+Userdata.h */ = {isa = PBXFileReference; fileEncoding = 4; lastKnownFileType = sourcecode.c.h; path = "UIView+Userdata.h"; sourceTree = "<group>"; };
		FCDE17D115529729000AEBE4 /* UIView+Userdata.m */ = {isa = PBXFileReference; fileEncoding = 4; lastKnownFileType = sourcecode.c.objc; path = "UIView+Userdata.m"; sourceTree = "<group>"; };
		FCE6A62A154E9E5F0027A21A /* Song.h */ = {isa = PBXFileReference; fileEncoding = 4; lastKnownFileType = sourcecode.c.h; path = Song.h; sourceTree = "<group>"; };
		FCE6A62B154E9E5F0027A21A /* Song.m */ = {isa = PBXFileReference; fileEncoding = 4; lastKnownFileType = sourcecode.c.objc; path = Song.m; sourceTree = "<group>"; };
		FCFDDDA215513FC400EBD678 /* Playlist.h */ = {isa = PBXFileReference; fileEncoding = 4; lastKnownFileType = sourcecode.c.h; path = Playlist.h; sourceTree = "<group>"; };
		FCFDDDA315513FC400EBD678 /* Playlist.m */ = {isa = PBXFileReference; fileEncoding = 4; lastKnownFileType = sourcecode.c.objc; path = Playlist.m; sourceTree = "<group>"; };
		FCFDDDA8155140C000EBD678 /* MyPlaylist.h */ = {isa = PBXFileReference; fileEncoding = 4; lastKnownFileType = sourcecode.c.h; path = MyPlaylist.h; sourceTree = "<group>"; };
		FCFDDDA9155140C000EBD678 /* MyPlaylist.m */ = {isa = PBXFileReference; fileEncoding = 4; lastKnownFileType = sourcecode.c.objc; path = MyPlaylist.m; sourceTree = "<group>"; };
/* End PBXFileReference section */

/* Begin PBXFrameworksBuildPhase section */
		FC04EB3A154AABDC002966F7 /* Frameworks */ = {
			isa = PBXFrameworksBuildPhase;
			buildActionMask = 2147483647;
			files = (
				FC00C1DE154D3652002C05D7 /* CFNetwork.framework in Frameworks */,
				FCBF3DB4154C701A00C4FC97 /* AVFoundation.framework in Frameworks */,
				FCBF3DB2154C700900C4FC97 /* AudioToolbox.framework in Frameworks */,
				FCCD9E38154BDEA3001CD448 /* CoreData.framework in Frameworks */,
				FCCD9C54154BD618001CD448 /* libsqlite3.dylib in Frameworks */,
				FC03250A154AD13400111C68 /* MediaPlayer.framework in Frameworks */,
				FC04EB42154AABDC002966F7 /* UIKit.framework in Frameworks */,
				FC04EB44154AABDC002966F7 /* Foundation.framework in Frameworks */,
				FC04EB46154AABDC002966F7 /* CoreGraphics.framework in Frameworks */,
			);
			runOnlyForDeploymentPostprocessing = 0;
		};
/* End PBXFrameworksBuildPhase section */

/* Begin PBXGroup section */
		FC00C194154D2E8A002C05D7 /* AudioStreamer */ = {
			isa = PBXGroup;
			children = (
				FC00C197154D2E8A002C05D7 /* Classes */,
			);
			name = AudioStreamer;
			path = ../AudioStreamer;
			sourceTree = "<group>";
		};
		FC00C197154D2E8A002C05D7 /* Classes */ = {
			isa = PBXGroup;
			children = (
				FC00C198154D2E8A002C05D7 /* AudioStreamer.h */,
				FC00C199154D2E8A002C05D7 /* AudioStreamer.m */,
				FC00C19C154D2E8A002C05D7 /* iPhoneStreamingPlayerViewController.h */,
				FC00C19D154D2E8A002C05D7 /* iPhoneStreamingPlayerViewController.m */,
			);
			path = Classes;
			sourceTree = "<group>";
		};
		FC04EB32154AABDC002966F7 = {
			isa = PBXGroup;
			children = (
				FC04EB47154AABDC002966F7 /* Firefly */,
				FC04EB40154AABDC002966F7 /* Frameworks */,
				FC04EB3E154AABDC002966F7 /* Products */,
			);
			sourceTree = "<group>";
		};
		FC04EB3E154AABDC002966F7 /* Products */ = {
			isa = PBXGroup;
			children = (
				FC04EB3D154AABDC002966F7 /* Firefly.app */,
			);
			name = Products;
			sourceTree = "<group>";
		};
		FC04EB40154AABDC002966F7 /* Frameworks */ = {
			isa = PBXGroup;
			children = (
				FCDE17C71552971F000AEBE4 /* iOSHelper */,
				FC00C1DD154D3652002C05D7 /* CFNetwork.framework */,
				FCBF3DB3154C701A00C4FC97 /* AVFoundation.framework */,
				FCBF3DB1154C700900C4FC97 /* AudioToolbox.framework */,
				FC00C194154D2E8A002C05D7 /* AudioStreamer */,
				FCCD9E63154BE9AF001CD448 /* activerecord-coredata */,
				FC04EB73154AB2EA002966F7 /* AFNetworking */,
				FCCD9E37154BDEA2001CD448 /* CoreData.framework */,
				FC032509154AD13400111C68 /* MediaPlayer.framework */,
				FCCD9C53154BD618001CD448 /* libsqlite3.dylib */,
				FC04EB41154AABDC002966F7 /* UIKit.framework */,
				FC04EB43154AABDC002966F7 /* Foundation.framework */,
				FC04EB45154AABDC002966F7 /* CoreGraphics.framework */,
			);
			name = Frameworks;
			sourceTree = "<group>";
		};
		FC04EB47154AABDC002966F7 /* Firefly */ = {
			isa = PBXGroup;
			children = (
				FCCD9E62154BE39F001CD448 /* Defines.h */,
				FCCD9C83154BD727001CD448 /* Macros.h */,
				FCCD9C7E154BD673001CD448 /* Database */,
				FC04EB50154AABDC002966F7 /* AppDelegate.h */,
				FC04EB51154AABDC002966F7 /* AppDelegate.m */,
				FC04EB53154AABDC002966F7 /* FileBrowserViewController.h */,
				FC04EB54154AABDC002966F7 /* FileBrowserViewController.m */,
				FCBF3D9C154C6B5900C4FC97 /* PlayerViewController.h */,
				FCBF3D9D154C6B5900C4FC97 /* PlayerViewController.m */,
				FC00C1DF154D37A5002C05D7 /* StreamerViewController.h */,
				FC00C1E0154D37A5002C05D7 /* StreamerViewController.m */,
				FCBF3D99154C5EC800C4FC97 /* SettingsViewController.h */,
				FCBF3D9A154C5EC800C4FC97 /* SettingsViewController.m */,
				FC04EB56154AABDC002966F7 /* first.png */,
				FC04EB58154AABDC002966F7 /* first@2x.png */,
				FC04EB5D154AABDC002966F7 /* second.png */,
				FC04EB5F154AABDC002966F7 /* second@2x.png */,
				FC04EB61154AABDC002966F7 /* FileBrowserViewController.xib */,
				FC04EB64154AABDC002966F7 /* SettingsViewController.xib */,
				FC04EB48154AABDC002966F7 /* Supporting Files */,
			);
			path = Firefly;
			sourceTree = "<group>";
		};
		FC04EB48154AABDC002966F7 /* Supporting Files */ = {
			isa = PBXGroup;
			children = (
				FC032506154AC3DF00111C68 /* mt-daapd.txt */,
				FC04EB49154AABDC002966F7 /* Firefly-Info.plist */,
				FC04EB4A154AABDC002966F7 /* InfoPlist.strings */,
				FC04EB4D154AABDC002966F7 /* main.m */,
				FC04EB4F154AABDC002966F7 /* Firefly-Prefix.pch */,
				FC04EB6C154AAC0B002966F7 /* Model.xcdatamodeld */,
			);
			name = "Supporting Files";
			sourceTree = "<group>";
		};
		FC04EB73154AB2EA002966F7 /* AFNetworking */ = {
			isa = PBXGroup;
			children = (
				FC04EB74154AB2EA002966F7 /* AFNetworking */,
				FC04EB8B154AB2EA002966F7 /* AFNetworking.podspec */,
				FC04EB8C154AB2EA002966F7 /* AFNetworking.xcworkspace */,
				FC04EBB0154AB2EA002966F7 /* LICENSE */,
				FC04EBD0154AB2EA002966F7 /* README.md */,
			);
			name = AFNetworking;
			path = ../AFNetworking;
			sourceTree = "<group>";
		};
		FC04EB74154AB2EA002966F7 /* AFNetworking */ = {
			isa = PBXGroup;
			children = (
				FC04EB75154AB2EA002966F7 /* AFHTTPClient.h */,
				FC04EB76154AB2EA002966F7 /* AFHTTPClient.m */,
				FC04EB77154AB2EA002966F7 /* AFHTTPRequestOperation.h */,
				FC04EB78154AB2EA002966F7 /* AFHTTPRequestOperation.m */,
				FC04EB79154AB2EA002966F7 /* AFImageCache.h */,
				FC04EB7A154AB2EA002966F7 /* AFImageCache.m */,
				FC04EB7B154AB2EA002966F7 /* AFImageRequestOperation.h */,
				FC04EB7C154AB2EA002966F7 /* AFImageRequestOperation.m */,
				FC04EB7D154AB2EA002966F7 /* AFJSONRequestOperation.h */,
				FC04EB7E154AB2EA002966F7 /* AFJSONRequestOperation.m */,
				FC04EB7F154AB2EA002966F7 /* AFJSONUtilities.h */,
				FC04EB80154AB2EA002966F7 /* AFNetworkActivityIndicatorManager.h */,
				FC04EB81154AB2EA002966F7 /* AFNetworkActivityIndicatorManager.m */,
				FC04EB82154AB2EA002966F7 /* AFNetworking.h */,
				FC04EB83154AB2EA002966F7 /* AFPropertyListRequestOperation.h */,
				FC04EB84154AB2EA002966F7 /* AFPropertyListRequestOperation.m */,
				FC04EB85154AB2EA002966F7 /* AFURLConnectionOperation.h */,
				FC04EB86154AB2EA002966F7 /* AFURLConnectionOperation.m */,
				FC04EB87154AB2EA002966F7 /* AFXMLRequestOperation.h */,
				FC04EB88154AB2EA002966F7 /* AFXMLRequestOperation.m */,
				FC04EB89154AB2EA002966F7 /* UIImageView+AFNetworking.h */,
				FC04EB8A154AB2EA002966F7 /* UIImageView+AFNetworking.m */,
			);
			path = AFNetworking;
			sourceTree = "<group>";
		};
		FCCD9C7E154BD673001CD448 /* Database */ = {
			isa = PBXGroup;
			children = (
				FCCD9E3F154BDFA6001CD448 /* CoreData */,
				FCCD9C7F154BD673001CD448 /* SQLite */,
			);
			path = Database;
			sourceTree = "<group>";
		};
		FCCD9C7F154BD673001CD448 /* SQLite */ = {
			isa = PBXGroup;
			children = (
				FCCD9C80154BD673001CD448 /* Db.h */,
				FCCD9C81154BD673001CD448 /* Db.m */,
			);
			path = SQLite;
			sourceTree = "<group>";
		};
		FCCD9E3F154BDFA6001CD448 /* CoreData */ = {
			isa = PBXGroup;
			children = (
				FC91CFE01553C8E80052075B /* Folder.h */,
				FC91CFE11553C8E80052075B /* Folder.m */,
				FCFDDDA215513FC400EBD678 /* Playlist.h */,
				FCFDDDA315513FC400EBD678 /* Playlist.m */,
				FCE6A62A154E9E5F0027A21A /* Song.h */,
				FCE6A62B154E9E5F0027A21A /* Song.m */,
				FCFDDDA8155140C000EBD678 /* MyPlaylist.h */,
				FCFDDDA9155140C000EBD678 /* MyPlaylist.m */,
			);
			path = CoreData;
			sourceTree = "<group>";
		};
		FCCD9E63154BE9AF001CD448 /* activerecord-coredata */ = {
			isa = PBXGroup;
			children = (
				FCCD9E7E154BEA0F001CD448 /* NSNumberAdditions.h */,
				FCCD9E7F154BEA0F001CD448 /* NSNumberAdditions.m */,
				FCCD9E64154BE9AF001CD448 /* ActiveRecordHelpers.h */,
				FCCD9E65154BE9AF001CD448 /* ActiveRecordHelpers.m */,
				FCCD9E66154BE9AF001CD448 /* CoreData+ActiveRecordFetching.h */,
				FCCD9E68154BE9AF001CD448 /* NSFetchedResultsController+ActiveRecord.h */,
				FCCD9E69154BE9AF001CD448 /* NSFetchedResultsController+ActiveRecord.m */,
				FCCD9E6A154BE9AF001CD448 /* NSManagedObject+ActiveRecord.h */,
				FCCD9E6B154BE9AF001CD448 /* NSManagedObject+ActiveRecord.m */,
				FCCD9E6C154BE9AF001CD448 /* NSManagedObjectContext+ActiveRecord.h */,
				FCCD9E6D154BE9AF001CD448 /* NSManagedObjectContext+ActiveRecord.m */,
				FCCD9E6E154BE9AF001CD448 /* NSManagedObjectModel+ActiveRecord.h */,
				FCCD9E6F154BE9AF001CD448 /* NSManagedObjectModel+ActiveRecord.m */,
				FCCD9E70154BE9AF001CD448 /* NSPersistentStore+ActiveRecord.h */,
				FCCD9E71154BE9AF001CD448 /* NSPersistentStore+ActiveRecord.m */,
				FCCD9E72154BE9AF001CD448 /* NSPersistentStoreCoordinator+ActiveRecord.h */,
				FCCD9E73154BE9AF001CD448 /* NSPersistentStoreCoordinator+ActiveRecord.m */,
			);
			name = "activerecord-coredata";
			path = "Firefly/Database/activerecord-coredata";
			sourceTree = "<group>";
		};
		FCDE17C71552971F000AEBE4 /* iOSHelper */ = {
			isa = PBXGroup;
			children = (
				FCDE17C815529729000AEBE4 /* Classes */,
			);
			name = iOSHelper;
			sourceTree = "<group>";
		};
		FCDE17C815529729000AEBE4 /* Classes */ = {
			isa = PBXGroup;
			children = (
				FCDE17C915529729000AEBE4 /* KGDefines.h */,
				FCDE17CA15529729000AEBE4 /* KGWindow.h */,
				FCDE17CB15529729000AEBE4 /* KGWindow.m */,
				FCDE17CC15529729000AEBE4 /* NSFileManager+KGiOSHelper.h */,
				FCDE17CD15529729000AEBE4 /* NSFileManager+KGiOSHelper.m */,
				FCDE17CE15529729000AEBE4 /* UIView+Sizes.h */,
				FCDE17CF15529729000AEBE4 /* UIView+Sizes.m */,
				FCDE17D015529729000AEBE4 /* UIView+Userdata.h */,
				FCDE17D115529729000AEBE4 /* UIView+Userdata.m */,
			);
			name = Classes;
			path = ../iOSHelper/iOSHelper/Classes;
			sourceTree = "<group>";
		};
/* End PBXGroup section */

/* Begin PBXNativeTarget section */
		FC04EB3C154AABDC002966F7 /* Firefly */ = {
			isa = PBXNativeTarget;
			buildConfigurationList = FC04EB69154AABDD002966F7 /* Build configuration list for PBXNativeTarget "Firefly" */;
			buildPhases = (
				FC04EB39154AABDC002966F7 /* Sources */,
				FC04EB3A154AABDC002966F7 /* Frameworks */,
				FC04EB3B154AABDC002966F7 /* Resources */,
			);
			buildRules = (
			);
			dependencies = (
			);
			name = Firefly;
			productName = Firefly;
			productReference = FC04EB3D154AABDC002966F7 /* Firefly.app */;
			productType = "com.apple.product-type.application";
		};
/* End PBXNativeTarget section */

/* Begin PBXProject section */
		FC04EB34154AABDC002966F7 /* Project object */ = {
			isa = PBXProject;
			attributes = {
				LastUpgradeCheck = 0430;
				ORGANIZATIONNAME = NOUS;
			};
			buildConfigurationList = FC04EB37154AABDC002966F7 /* Build configuration list for PBXProject "Firefly" */;
			compatibilityVersion = "Xcode 3.2";
			developmentRegion = English;
			hasScannedForEncodings = 0;
			knownRegions = (
				en,
				English,
			);
			mainGroup = FC04EB32154AABDC002966F7;
			productRefGroup = FC04EB3E154AABDC002966F7 /* Products */;
			projectDirPath = "";
			projectRoot = "";
			targets = (
				FC04EB3C154AABDC002966F7 /* Firefly */,
			);
		};
/* End PBXProject section */

/* Begin PBXResourcesBuildPhase section */
		FC04EB3B154AABDC002966F7 /* Resources */ = {
			isa = PBXResourcesBuildPhase;
			buildActionMask = 2147483647;
			files = (
				FC04EB4C154AABDC002966F7 /* InfoPlist.strings in Resources */,
				FC04EB57154AABDC002966F7 /* first.png in Resources */,
				FC04EB59154AABDC002966F7 /* first@2x.png in Resources */,
				FC04EB5E154AABDC002966F7 /* second.png in Resources */,
				FC04EB60154AABDC002966F7 /* second@2x.png in Resources */,
				FC04EB63154AABDC002966F7 /* FileBrowserViewController.xib in Resources */,
				FC04EB66154AABDD002966F7 /* SettingsViewController.xib in Resources */,
				FC04EBE3154AB2EA002966F7 /* AFNetworking.podspec in Resources */,
				FC04EBE4154AB2EA002966F7 /* AFNetworking.xcworkspace in Resources */,
				FC04EBF4154AB2EA002966F7 /* LICENSE in Resources */,
				FC04EC00154AB2EA002966F7 /* README.md in Resources */,
				FC032507154AC3DF00111C68 /* mt-daapd.txt in Resources */,
			);
			runOnlyForDeploymentPostprocessing = 0;
		};
/* End PBXResourcesBuildPhase section */

/* Begin PBXSourcesBuildPhase section */
		FC04EB39154AABDC002966F7 /* Sources */ = {
			isa = PBXSourcesBuildPhase;
			buildActionMask = 2147483647;
			files = (
				FC04EB4E154AABDC002966F7 /* main.m in Sources */,
				FC04EB52154AABDC002966F7 /* AppDelegate.m in Sources */,
				FC04EB55154AABDC002966F7 /* FileBrowserViewController.m in Sources */,
				FC04EB6E154AAC0B002966F7 /* Model.xcdatamodeld in Sources */,
				FC04EBD9154AB2EA002966F7 /* AFHTTPClient.m in Sources */,
				FC04EBDA154AB2EA002966F7 /* AFHTTPRequestOperation.m in Sources */,
				FC04EBDB154AB2EA002966F7 /* AFImageCache.m in Sources */,
				FC04EBDC154AB2EA002966F7 /* AFImageRequestOperation.m in Sources */,
				FC04EBDD154AB2EA002966F7 /* AFJSONRequestOperation.m in Sources */,
				FC04EBDE154AB2EA002966F7 /* AFNetworkActivityIndicatorManager.m in Sources */,
				FC04EBDF154AB2EA002966F7 /* AFPropertyListRequestOperation.m in Sources */,
				FC04EBE0154AB2EA002966F7 /* AFURLConnectionOperation.m in Sources */,
				FC04EBE1154AB2EA002966F7 /* AFXMLRequestOperation.m in Sources */,
				FC04EBE2154AB2EA002966F7 /* UIImageView+AFNetworking.m in Sources */,
				FCCD9C82154BD673001CD448 /* Db.m in Sources */,
				FCCD9E75154BE9AF001CD448 /* ActiveRecordHelpers.m in Sources */,
				FCCD9E77154BE9AF001CD448 /* NSFetchedResultsController+ActiveRecord.m in Sources */,
				FCCD9E78154BE9AF001CD448 /* NSManagedObject+ActiveRecord.m in Sources */,
				FCCD9E79154BE9AF001CD448 /* NSManagedObjectContext+ActiveRecord.m in Sources */,
				FCCD9E7A154BE9AF001CD448 /* NSManagedObjectModel+ActiveRecord.m in Sources */,
				FCCD9E7B154BE9AF001CD448 /* NSPersistentStore+ActiveRecord.m in Sources */,
				FCCD9E7C154BE9AF001CD448 /* NSPersistentStoreCoordinator+ActiveRecord.m in Sources */,
				FCCD9E80154BEA0F001CD448 /* NSNumberAdditions.m in Sources */,
				FCBF3D9B154C5EC800C4FC97 /* SettingsViewController.m in Sources */,
				FCBF3D9E154C6B5900C4FC97 /* PlayerViewController.m in Sources */,
				FC00C1C6154D2E8A002C05D7 /* AudioStreamer.m in Sources */,
				FC00C1C8154D2E8A002C05D7 /* iPhoneStreamingPlayerViewController.m in Sources */,
				FC00C1E1154D37A5002C05D7 /* StreamerViewController.m in Sources */,
				FCE6A62C154E9E5F0027A21A /* Song.m in Sources */,
				FCFDDDA415513FC400EBD678 /* Playlist.m in Sources */,
				FCFDDDAA155140C000EBD678 /* MyPlaylist.m in Sources */,
				FCDE17D215529729000AEBE4 /* KGWindow.m in Sources */,
				FCDE17D315529729000AEBE4 /* NSFileManager+KGiOSHelper.m in Sources */,
				FCDE17D415529729000AEBE4 /* UIView+Sizes.m in Sources */,
				FCDE17D515529729000AEBE4 /* UIView+Userdata.m in Sources */,
				FC91CFE21553C8E80052075B /* Folder.m in Sources */,
			);
			runOnlyForDeploymentPostprocessing = 0;
		};
/* End PBXSourcesBuildPhase section */

/* Begin PBXVariantGroup section */
		FC04EB4A154AABDC002966F7 /* InfoPlist.strings */ = {
			isa = PBXVariantGroup;
			children = (
				FC04EB4B154AABDC002966F7 /* en */,
			);
			name = InfoPlist.strings;
			sourceTree = "<group>";
		};
		FC04EB61154AABDC002966F7 /* FileBrowserViewController.xib */ = {
			isa = PBXVariantGroup;
			children = (
				FC04EB62154AABDC002966F7 /* en */,
			);
			name = FileBrowserViewController.xib;
			sourceTree = "<group>";
		};
		FC04EB64154AABDC002966F7 /* SettingsViewController.xib */ = {
			isa = PBXVariantGroup;
			children = (
				FC04EB65154AABDD002966F7 /* en */,
			);
			name = SettingsViewController.xib;
			sourceTree = "<group>";
		};
/* End PBXVariantGroup section */

/* Begin XCBuildConfiguration section */
		FC04EB67154AABDD002966F7 /* Debug */ = {
			isa = XCBuildConfiguration;
			buildSettings = {
				ALWAYS_SEARCH_USER_PATHS = NO;
				ARCHS = "$(ARCHS_STANDARD_32_BIT)";
				CLANG_ENABLE_OBJC_ARC = YES;
				"CODE_SIGN_IDENTITY[sdk=iphoneos*]" = "iPhone Developer";
				COPY_PHASE_STRIP = NO;
				GCC_C_LANGUAGE_STANDARD = gnu99;
				GCC_DYNAMIC_NO_PIC = NO;
				GCC_OPTIMIZATION_LEVEL = 0;
				GCC_PREPROCESSOR_DEFINITIONS = (
					"DEBUG=1",
					"$(inherited)",
				);
				GCC_SYMBOLS_PRIVATE_EXTERN = NO;
				GCC_VERSION = com.apple.compilers.llvm.clang.1_0;
				GCC_WARN_ABOUT_RETURN_TYPE = YES;
				GCC_WARN_UNINITIALIZED_AUTOS = YES;
				GCC_WARN_UNUSED_VARIABLE = YES;
				IPHONEOS_DEPLOYMENT_TARGET = 5.1;
				SDKROOT = iphoneos;
			};
			name = Debug;
		};
		FC04EB68154AABDD002966F7 /* Release */ = {
			isa = XCBuildConfiguration;
			buildSettings = {
				ALWAYS_SEARCH_USER_PATHS = NO;
				ARCHS = "$(ARCHS_STANDARD_32_BIT)";
				CLANG_ENABLE_OBJC_ARC = YES;
				"CODE_SIGN_IDENTITY[sdk=iphoneos*]" = "iPhone Developer";
				COPY_PHASE_STRIP = YES;
				GCC_C_LANGUAGE_STANDARD = gnu99;
				GCC_VERSION = com.apple.compilers.llvm.clang.1_0;
				GCC_WARN_ABOUT_RETURN_TYPE = YES;
				GCC_WARN_UNINITIALIZED_AUTOS = YES;
				GCC_WARN_UNUSED_VARIABLE = YES;
				IPHONEOS_DEPLOYMENT_TARGET = 5.1;
				OTHER_CFLAGS = "-DNS_BLOCK_ASSERTIONS=1";
				SDKROOT = iphoneos;
				VALIDATE_PRODUCT = YES;
			};
			name = Release;
		};
		FC04EB6A154AABDD002966F7 /* Debug */ = {
			isa = XCBuildConfiguration;
			buildSettings = {
				ARCHS = (
					armv6,
					armv7,
				);
				GCC_PRECOMPILE_PREFIX_HEADER = YES;
				GCC_PREFIX_HEADER = "Firefly/Firefly-Prefix.pch";
				HEADER_SEARCH_PATHS = "";
				INFOPLIST_FILE = "Firefly/Firefly-Info.plist";
				ONLY_ACTIVE_ARCH = NO;
				PRODUCT_NAME = "$(TARGET_NAME)";
				WRAPPER_EXTENSION = app;
			};
			name = Debug;
		};
		FC04EB6B154AABDD002966F7 /* Release */ = {
			isa = XCBuildConfiguration;
			buildSettings = {
				ARCHS = (
					armv6,
					armv7,
				);
				GCC_PRECOMPILE_PREFIX_HEADER = YES;
				GCC_PREFIX_HEADER = "Firefly/Firefly-Prefix.pch";
				HEADER_SEARCH_PATHS = "";
				INFOPLIST_FILE = "Firefly/Firefly-Info.plist";
				ONLY_ACTIVE_ARCH = NO;
				PRODUCT_NAME = "$(TARGET_NAME)";
				WRAPPER_EXTENSION = app;
			};
			name = Release;
		};
/* End XCBuildConfiguration section */

/* Begin XCConfigurationList section */
		FC04EB37154AABDC002966F7 /* Build configuration list for PBXProject "Firefly" */ = {
			isa = XCConfigurationList;
			buildConfigurations = (
				FC04EB67154AABDD002966F7 /* Debug */,
				FC04EB68154AABDD002966F7 /* Release */,
			);
			defaultConfigurationIsVisible = 0;
			defaultConfigurationName = Release;
		};
		FC04EB69154AABDD002966F7 /* Build configuration list for PBXNativeTarget "Firefly" */ = {
			isa = XCConfigurationList;
			buildConfigurations = (
				FC04EB6A154AABDD002966F7 /* Debug */,
				FC04EB6B154AABDD002966F7 /* Release */,
			);
			defaultConfigurationIsVisible = 0;
			defaultConfigurationName = Release;
		};
/* End XCConfigurationList section */

/* Begin XCVersionGroup section */
		FC04EB6C154AAC0B002966F7 /* Model.xcdatamodeld */ = {
			isa = XCVersionGroup;
			children = (
				FC04EB6D154AAC0B002966F7 /* Model.xcdatamodel */,
			);
			currentVersion = FC04EB6D154AAC0B002966F7 /* Model.xcdatamodel */;
			path = Model.xcdatamodeld;
			sourceTree = "<group>";
			versionGroupType = wrapper.xcdatamodel;
		};
/* End XCVersionGroup section */
	};
	rootObject = FC04EB34154AABDC002966F7 /* Project object */;
}
